
Microsoft Visual Studio Solution File, Format Version 12.00
# Visual Studio Version 17
VisualStudioVersion = 17.0.31903.59
MinimumVisualStudioVersion = 10.0.40219.1
Project("{2150E333-8FDC-42A3-9474-1A3956D46DE8}") = "src", "src", "{0C910377-0701-4649-9D8E-7EEF71098CAB}"
EndProject
Project("{FAE04EC0-301F-11D3-BF4B-00C04F79EFBC}") = "CatalogService", "src\CatalogService\CatalogService.csproj", "{CC21CFA9-12DE-4B21-80C2-4490EA93ED17}"
EndProject
Project("{FAE04EC0-301F-11D3-BF4B-00C04F79EFBC}") = "SearchService", "src\SearchService\SearchService.csproj", "{7A57F1E1-76C0-4123-9891-59FDEF400850}"
EndProject
Project("{FAE04EC0-301F-11D3-BF4B-00C04F79EFBC}") = "GatewayService", "src\GatewayService\GatewayService.csproj", "{92D999FA-A7A2-4013-ADF2-0524A22A15E2}"
EndProject
Project("{FAE04EC0-301F-11D3-BF4B-00C04F79EFBC}") = "IdentityService", "src\IdentityService\IdentityService.csproj", "{AEB10F73-FFB0-4CE7-9E1B-1DD863E6423D}"
EndProject
Project("{FAE04EC0-301F-11D3-BF4B-00C04F79EFBC}") = "NotificationService", "src\NotificationService\NotificationService.csproj", "{F2E0925D-F01D-47C9-BA3F-DF2F70FB1032}"
EndProject
Project("{FAE04EC0-301F-11D3-BF4B-00C04F79EFBC}") = "AIService", "src\AIService\AIService.csproj", "{EC92C6B9-6BEF-414B-86AD-217AB4F31290}"
EndProject
Global
	GlobalSection(SolutionConfigurationPlatforms) = preSolution
		Debug|Any CPU = Debug|Any CPU
		Release|Any CPU = Release|Any CPU
	EndGlobalSection
	GlobalSection(ProjectConfigurationPlatforms) = postSolution
		{CC21CFA9-12DE-4B21-80C2-4490EA93ED17}.Debug|Any CPU.ActiveCfg = Debug|Any CPU
		{CC21CFA9-12DE-4B21-80C2-4490EA93ED17}.Debug|Any CPU.Build.0 = Debug|Any CPU
		{CC21CFA9-12DE-4B21-80C2-4490EA93ED17}.Release|Any CPU.ActiveCfg = Release|Any CPU
		{CC21CFA9-12DE-4B21-80C2-4490EA93ED17}.Release|Any CPU.Build.0 = Release|Any CPU
		{7A57F1E1-76C0-4123-9891-59FDEF400850}.Debug|Any CPU.ActiveCfg = Debug|Any CPU
		{7A57F1E1-76C0-4123-9891-59FDEF400850}.Debug|Any CPU.Build.0 = Debug|Any CPU
		{7A57F1E1-76C0-4123-9891-59FDEF400850}.Release|Any CPU.ActiveCfg = Release|Any CPU
		{7A57F1E1-76C0-4123-9891-59FDEF400850}.Release|Any CPU.Build.0 = Release|Any CPU
		{92D999FA-A7A2-4013-ADF2-0524A22A15E2}.Debug|Any CPU.ActiveCfg = Debug|Any CPU
		{92D999FA-A7A2-4013-ADF2-0524A22A15E2}.Debug|Any CPU.Build.0 = Debug|Any CPU
		{92D999FA-A7A2-4013-ADF2-0524A22A15E2}.Release|Any CPU.ActiveCfg = Release|Any CPU
		{92D999FA-A7A2-4013-ADF2-0524A22A15E2}.Release|Any CPU.Build.0 = Release|Any CPU
		{AEB10F73-FFB0-4CE7-9E1B-1DD863E6423D}.Debug|Any CPU.ActiveCfg = Debug|Any CPU
		{AEB10F73-FFB0-4CE7-9E1B-1DD863E6423D}.Debug|Any CPU.Build.0 = Debug|Any CPU
		{AEB10F73-FFB0-4CE7-9E1B-1DD863E6423D}.Release|Any CPU.ActiveCfg = Release|Any CPU
		{AEB10F73-FFB0-4CE7-9E1B-1DD863E6423D}.Release|Any CPU.Build.0 = Release|Any CPU
		{F2E0925D-F01D-47C9-BA3F-DF2F70FB1032}.Debug|Any CPU.ActiveCfg = Debug|Any CPU
		{F2E0925D-F01D-47C9-BA3F-DF2F70FB1032}.Debug|Any CPU.Build.0 = Debug|Any CPU
		{F2E0925D-F01D-47C9-BA3F-DF2F70FB1032}.Release|Any CPU.ActiveCfg = Release|Any CPU
		{F2E0925D-F01D-47C9-BA3F-DF2F70FB1032}.Release|Any CPU.Build.0 = Release|Any CPU
		{EC92C6B9-6BEF-414B-86AD-217AB4F31290}.Debug|Any CPU.ActiveCfg = Debug|Any CPU
		{EC92C6B9-6BEF-414B-86AD-217AB4F31290}.Debug|Any CPU.Build.0 = Debug|Any CPU
		{EC92C6B9-6BEF-414B-86AD-217AB4F31290}.Release|Any CPU.ActiveCfg = Release|Any CPU
		{EC92C6B9-6BEF-414B-86AD-217AB4F31290}.Release|Any CPU.Build.0 = Release|Any CPU
	EndGlobalSection
	GlobalSection(SolutionProperties) = preSolution
		HideSolutionNode = FALSE
	EndGlobalSection
	GlobalSection(NestedProjects) = preSolution
		{CC21CFA9-12DE-4B21-80C2-4490EA93ED17} = {0C910377-0701-4649-9D8E-7EEF71098CAB}
		{7A57F1E1-76C0-4123-9891-59FDEF400850} = {0C910377-0701-4649-9D8E-7EEF71098CAB}
		{92D999FA-A7A2-4013-ADF2-0524A22A15E2} = {0C910377-0701-4649-9D8E-7EEF71098CAB}
		{AEB10F73-FFB0-4CE7-9E1B-1DD863E6423D} = {0C910377-0701-4649-9D8E-7EEF71098CAB}
		{F2E0925D-F01D-47C9-BA3F-DF2F70FB1032} = {0C910377-0701-4649-9D8E-7EEF71098CAB}
		{EC92C6B9-6BEF-414B-86AD-217AB4F31290} = {0C910377-0701-4649-9D8E-7EEF71098CAB}
	EndGlobalSection
EndGlobal
